
Microsoft Visual Studio Solution File, Format Version 12.00
# Visual Studio Version 17
VisualStudioVersion = 17.7.34031.279
MinimumVisualStudioVersion = 10.0.40219.1
Project("{FAE04EC0-301F-11D3-BF4B-00C04F79EFBC}") = "CalculatorUnitTesting", "CalculatorUnitTesting\CalculatorUnitTesting.csproj", "{C1AF9A44-C995-43CC-B80D-4F8B4CE5C90F}"
EndProject
Project("{FAE04EC0-301F-11D3-BF4B-00C04F79EFBC}") = "CalculatorBussinessLogic", "CalculatorBussinessLogic\CalculatorBussinessLogic.csproj", "{8C93A894-A4D4-4838-9F93-CE6FF05BB237}"
EndProject
Project("{FAE04EC0-301F-11D3-BF4B-00C04F79EFBC}") = "CalculatorBussinessLogics", "CalculatorUnitTestings\CalculatorBussinessLogics.csproj", "{24308E7B-268D-4966-B60C-48B1C6B28944}"
EndProject
Global
	GlobalSection(SolutionConfigurationPlatforms) = preSolution
		Debug|Any CPU = Debug|Any CPU
		Release|Any CPU = Release|Any CPU
	EndGlobalSection
	GlobalSection(ProjectConfigurationPlatforms) = postSolution
		{C1AF9A44-C995-43CC-B80D-4F8B4CE5C90F}.Debug|Any CPU.ActiveCfg = Debug|Any CPU
		{C1AF9A44-C995-43CC-B80D-4F8B4CE5C90F}.Debug|Any CPU.Build.0 = Debug|Any CPU
		{C1AF9A44-C995-43CC-B80D-4F8B4CE5C90F}.Release|Any CPU.ActiveCfg = Release|Any CPU
		{C1AF9A44-C995-43CC-B80D-4F8B4CE5C90F}.Release|Any CPU.Build.0 = Release|Any CPU
		{8C93A894-A4D4-4838-9F93-CE6FF05BB237}.Debug|Any CPU.ActiveCfg = Debug|Any CPU
		{8C93A894-A4D4-4838-9F93-CE6FF05BB237}.Debug|Any CPU.Build.0 = Debug|Any CPU
		{8C93A894-A4D4-4838-9F93-CE6FF05BB237}.Release|Any CPU.ActiveCfg = Release|Any CPU
		{8C93A894-A4D4-4838-9F93-CE6FF05BB237}.Release|Any CPU.Build.0 = Release|Any CPU
		{24308E7B-268D-4966-B60C-48B1C6B28944}.Debug|Any CPU.ActiveCfg = Debug|Any CPU
		{24308E7B-268D-4966-B60C-48B1C6B28944}.Debug|Any CPU.Build.0 = Debug|Any CPU
		{24308E7B-268D-4966-B60C-48B1C6B28944}.Release|Any CPU.ActiveCfg = Release|Any CPU
		{24308E7B-268D-4966-B60C-48B1C6B28944}.Release|Any CPU.Build.0 = Release|Any CPU
	EndGlobalSection
	GlobalSection(SolutionProperties) = preSolution
		HideSolutionNode = FALSE
	EndGlobalSection
	GlobalSection(ExtensibilityGlobals) = postSolution
		SolutionGuid = {3449F2DD-14AB-4ECF-9B52-29F66109BDA0}
	EndGlobalSection
EndGlobal
