
Microsoft Visual Studio Solution File, Format Version 12.00
# Visual Studio Version 17
VisualStudioVersion = 17.7.34031.279
MinimumVisualStudioVersion = 10.0.40219.1
Project("{FAE04EC0-301F-11D3-BF4B-00C04F79EFBC}") = "MyStackExerciseGenerics", "MyStackExerciseGenerics\MyStackExerciseGenerics.csproj", "{3AC0C5F8-C8C6-4B76-A83D-831229D36ABB}"
EndProject
Global
	GlobalSection(SolutionConfigurationPlatforms) = preSolution
		Debug|Any CPU = Debug|Any CPU
		Release|Any CPU = Release|Any CPU
	EndGlobalSection
	GlobalSection(ProjectConfigurationPlatforms) = postSolution
		{3AC0C5F8-C8C6-4B76-A83D-831229D36ABB}.Debug|Any CPU.ActiveCfg = Debug|Any CPU
		{3AC0C5F8-C8C6-4B76-A83D-831229D36ABB}.Debug|Any CPU.Build.0 = Debug|Any CPU
		{3AC0C5F8-C8C6-4B76-A83D-831229D36ABB}.Release|Any CPU.ActiveCfg = Release|Any CPU
		{3AC0C5F8-C8C6-4B76-A83D-831229D36ABB}.Release|Any CPU.Build.0 = Release|Any CPU
	EndGlobalSection
	GlobalSection(SolutionProperties) = preSolution
		HideSolutionNode = FALSE
	EndGlobalSection
	GlobalSection(ExtensibilityGlobals) = postSolution
		SolutionGuid = {C5E9D4D8-708D-43C1-B43B-A7CB566907F7}
	EndGlobalSection
EndGlobal
