
Microsoft Visual Studio Solution File, Format Version 12.00
# Visual Studio Version 17
VisualStudioVersion = 17.8.34322.80
MinimumVisualStudioVersion = 10.0.40219.1
Project("{FAE04EC0-301F-11D3-BF4B-00C04F79EFBC}") = "MultiLayerUnitTest", "MultiLayerUnitTest\MultiLayerUnitTest.csproj", "{29BF4AC8-3EA6-4CAE-8F37-335B8AE90FE8}"
EndProject
Project("{FAE04EC0-301F-11D3-BF4B-00C04F79EFBC}") = "MultiLayerUnitTestLogic", "MultiLayerUnitTestLogic\MultiLayerUnitTestLogic.csproj", "{6ADDCB91-7838-4A63-9019-B0626E70D44F}"
EndProject
Project("{FAE04EC0-301F-11D3-BF4B-00C04F79EFBC}") = "MultiLayerUnitTestLogics", "MultiLayerUnitTestLogicTests\MultiLayerUnitTestLogics.csproj", "{C98D32F3-6BD8-493D-921E-2F3FF45927E8}"
EndProject
Global
	GlobalSection(SolutionConfigurationPlatforms) = preSolution
		Debug|Any CPU = Debug|Any CPU
		Release|Any CPU = Release|Any CPU
	EndGlobalSection
	GlobalSection(ProjectConfigurationPlatforms) = postSolution
		{29BF4AC8-3EA6-4CAE-8F37-335B8AE90FE8}.Debug|Any CPU.ActiveCfg = Debug|Any CPU
		{29BF4AC8-3EA6-4CAE-8F37-335B8AE90FE8}.Debug|Any CPU.Build.0 = Debug|Any CPU
		{29BF4AC8-3EA6-4CAE-8F37-335B8AE90FE8}.Release|Any CPU.ActiveCfg = Release|Any CPU
		{29BF4AC8-3EA6-4CAE-8F37-335B8AE90FE8}.Release|Any CPU.Build.0 = Release|Any CPU
		{6ADDCB91-7838-4A63-9019-B0626E70D44F}.Debug|Any CPU.ActiveCfg = Debug|Any CPU
		{6ADDCB91-7838-4A63-9019-B0626E70D44F}.Debug|Any CPU.Build.0 = Debug|Any CPU
		{6ADDCB91-7838-4A63-9019-B0626E70D44F}.Release|Any CPU.ActiveCfg = Release|Any CPU
		{6ADDCB91-7838-4A63-9019-B0626E70D44F}.Release|Any CPU.Build.0 = Release|Any CPU
		{C98D32F3-6BD8-493D-921E-2F3FF45927E8}.Debug|Any CPU.ActiveCfg = Debug|Any CPU
		{C98D32F3-6BD8-493D-921E-2F3FF45927E8}.Debug|Any CPU.Build.0 = Debug|Any CPU
		{C98D32F3-6BD8-493D-921E-2F3FF45927E8}.Release|Any CPU.ActiveCfg = Release|Any CPU
		{C98D32F3-6BD8-493D-921E-2F3FF45927E8}.Release|Any CPU.Build.0 = Release|Any CPU
	EndGlobalSection
	GlobalSection(SolutionProperties) = preSolution
		HideSolutionNode = FALSE
	EndGlobalSection
	GlobalSection(ExtensibilityGlobals) = postSolution
		SolutionGuid = {6288DCBF-9CF4-44E9-B84E-A2945415718B}
	EndGlobalSection
EndGlobal
