
Microsoft Visual Studio Solution File, Format Version 12.00
# Visual Studio Version 17
VisualStudioVersion = 17.7.34031.279
MinimumVisualStudioVersion = 10.0.40219.1
Project("{FAE04EC0-301F-11D3-BF4B-00C04F79EFBC}") = "TextCheckerExceptionHandling", "TextCheckerExceptionHandling\TextCheckerExceptionHandling.csproj", "{84613045-937F-4F93-8FAC-CC728F1BC166}"
EndProject
Global
	GlobalSection(SolutionConfigurationPlatforms) = preSolution
		Debug|Any CPU = Debug|Any CPU
		Release|Any CPU = Release|Any CPU
	EndGlobalSection
	GlobalSection(ProjectConfigurationPlatforms) = postSolution
		{84613045-937F-4F93-8FAC-CC728F1BC166}.Debug|Any CPU.ActiveCfg = Debug|Any CPU
		{84613045-937F-4F93-8FAC-CC728F1BC166}.Debug|Any CPU.Build.0 = Debug|Any CPU
		{84613045-937F-4F93-8FAC-CC728F1BC166}.Release|Any CPU.ActiveCfg = Release|Any CPU
		{84613045-937F-4F93-8FAC-CC728F1BC166}.Release|Any CPU.Build.0 = Release|Any CPU
	EndGlobalSection
	GlobalSection(SolutionProperties) = preSolution
		HideSolutionNode = FALSE
	EndGlobalSection
	GlobalSection(ExtensibilityGlobals) = postSolution
		SolutionGuid = {EDA9914A-AA9A-4674-8013-62498990F26B}
	EndGlobalSection
EndGlobal
