
Microsoft Visual Studio Solution File, Format Version 12.00
# Visual Studio Version 17
VisualStudioVersion = 17.8.34322.80
MinimumVisualStudioVersion = 10.0.40219.1
Project("{FAE04EC0-301F-11D3-BF4B-00C04F79EFBC}") = "BasicMVVM", "BasicMVVM\BasicMVVM.csproj", "{909A4AA6-B127-43CF-B2FC-14A9F38D9DCF}"
EndProject
Global
	GlobalSection(SolutionConfigurationPlatforms) = preSolution
		Debug|Any CPU = Debug|Any CPU
		Release|Any CPU = Release|Any CPU
	EndGlobalSection
	GlobalSection(ProjectConfigurationPlatforms) = postSolution
		{909A4AA6-B127-43CF-B2FC-14A9F38D9DCF}.Debug|Any CPU.ActiveCfg = Debug|Any CPU
		{909A4AA6-B127-43CF-B2FC-14A9F38D9DCF}.Debug|Any CPU.Build.0 = Debug|Any CPU
		{909A4AA6-B127-43CF-B2FC-14A9F38D9DCF}.Release|Any CPU.ActiveCfg = Release|Any CPU
		{909A4AA6-B127-43CF-B2FC-14A9F38D9DCF}.Release|Any CPU.Build.0 = Release|Any CPU
	EndGlobalSection
	GlobalSection(SolutionProperties) = preSolution
		HideSolutionNode = FALSE
	EndGlobalSection
	GlobalSection(ExtensibilityGlobals) = postSolution
		SolutionGuid = {1A92AE3E-5EB1-466D-B6C1-1F92BE82ED60}
	EndGlobalSection
EndGlobal
