
Microsoft Visual Studio Solution File, Format Version 12.00
# Visual Studio Version 17
VisualStudioVersion = 17.8.34511.84
MinimumVisualStudioVersion = 10.0.40219.1
Project("{FAE04EC0-301F-11D3-BF4B-00C04F79EFBC}") = "LoginExample", "LoginExample\LoginExample.csproj", "{496BAD0A-56E2-4D04-B839-8D0ADF298CCF}"
EndProject
Global
	GlobalSection(SolutionConfigurationPlatforms) = preSolution
		Debug|Any CPU = Debug|Any CPU
		Release|Any CPU = Release|Any CPU
	EndGlobalSection
	GlobalSection(ProjectConfigurationPlatforms) = postSolution
		{496BAD0A-56E2-4D04-B839-8D0ADF298CCF}.Debug|Any CPU.ActiveCfg = Debug|Any CPU
		{496BAD0A-56E2-4D04-B839-8D0ADF298CCF}.Debug|Any CPU.Build.0 = Debug|Any CPU
		{496BAD0A-56E2-4D04-B839-8D0ADF298CCF}.Release|Any CPU.ActiveCfg = Release|Any CPU
		{496BAD0A-56E2-4D04-B839-8D0ADF298CCF}.Release|Any CPU.Build.0 = Release|Any CPU
	EndGlobalSection
	GlobalSection(SolutionProperties) = preSolution
		HideSolutionNode = FALSE
	EndGlobalSection
	GlobalSection(ExtensibilityGlobals) = postSolution
		SolutionGuid = {165BF033-8A55-4E65-ABF5-F06BE08A6A80}
	EndGlobalSection
EndGlobal
