
Microsoft Visual Studio Solution File, Format Version 12.00
# Visual Studio Version 17
VisualStudioVersion = 17.7.34031.279
MinimumVisualStudioVersion = 10.0.40219.1
Project("{FAE04EC0-301F-11D3-BF4B-00C04F79EFBC}") = "FilterByTypeExerciseGenerics", "FilterByTypeExerciseGenerics\FilterByTypeExerciseGenerics.csproj", "{B9851BFC-E976-4EE8-AE54-FDE8943A2D47}"
EndProject
Global
	GlobalSection(SolutionConfigurationPlatforms) = preSolution
		Debug|Any CPU = Debug|Any CPU
		Release|Any CPU = Release|Any CPU
	EndGlobalSection
	GlobalSection(ProjectConfigurationPlatforms) = postSolution
		{B9851BFC-E976-4EE8-AE54-FDE8943A2D47}.Debug|Any CPU.ActiveCfg = Debug|Any CPU
		{B9851BFC-E976-4EE8-AE54-FDE8943A2D47}.Debug|Any CPU.Build.0 = Debug|Any CPU
		{B9851BFC-E976-4EE8-AE54-FDE8943A2D47}.Release|Any CPU.ActiveCfg = Release|Any CPU
		{B9851BFC-E976-4EE8-AE54-FDE8943A2D47}.Release|Any CPU.Build.0 = Release|Any CPU
	EndGlobalSection
	GlobalSection(SolutionProperties) = preSolution
		HideSolutionNode = FALSE
	EndGlobalSection
	GlobalSection(ExtensibilityGlobals) = postSolution
		SolutionGuid = {A0A2D7EE-4A40-4F47-AD2E-917466D37FD2}
	EndGlobalSection
EndGlobal
