
Microsoft Visual Studio Solution File, Format Version 12.00
# Visual Studio Version 17
VisualStudioVersion = 17.7.34031.279
MinimumVisualStudioVersion = 10.0.40219.1
Project("{FAE04EC0-301F-11D3-BF4B-00C04F79EFBC}") = "BookExerciseLinq", "BookExerciseLinq\BookExerciseLinq.csproj", "{88C13DCC-A0EB-4E8F-9A23-B50B76ACBAA7}"
EndProject
Global
	GlobalSection(SolutionConfigurationPlatforms) = preSolution
		Debug|Any CPU = Debug|Any CPU
		Release|Any CPU = Release|Any CPU
	EndGlobalSection
	GlobalSection(ProjectConfigurationPlatforms) = postSolution
		{88C13DCC-A0EB-4E8F-9A23-B50B76ACBAA7}.Debug|Any CPU.ActiveCfg = Debug|Any CPU
		{88C13DCC-A0EB-4E8F-9A23-B50B76ACBAA7}.Debug|Any CPU.Build.0 = Debug|Any CPU
		{88C13DCC-A0EB-4E8F-9A23-B50B76ACBAA7}.Release|Any CPU.ActiveCfg = Release|Any CPU
		{88C13DCC-A0EB-4E8F-9A23-B50B76ACBAA7}.Release|Any CPU.Build.0 = Release|Any CPU
	EndGlobalSection
	GlobalSection(SolutionProperties) = preSolution
		HideSolutionNode = FALSE
	EndGlobalSection
	GlobalSection(ExtensibilityGlobals) = postSolution
		SolutionGuid = {21CF2552-0F37-439A-AC16-503F6B62CFAA}
	EndGlobalSection
EndGlobal
