
Microsoft Visual Studio Solution File, Format Version 12.00
# Visual Studio Version 17
VisualStudioVersion = 17.7.34031.279
MinimumVisualStudioVersion = 10.0.40219.1
Project("{FAE04EC0-301F-11D3-BF4B-00C04F79EFBC}") = "ExampleIOAsync", "ExampleIOAsync\ExampleIOAsync.csproj", "{505F0130-0778-4B23-8414-5F0EE0BE2E72}"
EndProject
Global
	GlobalSection(SolutionConfigurationPlatforms) = preSolution
		Debug|Any CPU = Debug|Any CPU
		Release|Any CPU = Release|Any CPU
	EndGlobalSection
	GlobalSection(ProjectConfigurationPlatforms) = postSolution
		{505F0130-0778-4B23-8414-5F0EE0BE2E72}.Debug|Any CPU.ActiveCfg = Debug|Any CPU
		{505F0130-0778-4B23-8414-5F0EE0BE2E72}.Debug|Any CPU.Build.0 = Debug|Any CPU
		{505F0130-0778-4B23-8414-5F0EE0BE2E72}.Release|Any CPU.ActiveCfg = Release|Any CPU
		{505F0130-0778-4B23-8414-5F0EE0BE2E72}.Release|Any CPU.Build.0 = Release|Any CPU
	EndGlobalSection
	GlobalSection(SolutionProperties) = preSolution
		HideSolutionNode = FALSE
	EndGlobalSection
	GlobalSection(ExtensibilityGlobals) = postSolution
		SolutionGuid = {5B3516C1-B786-403E-A7F6-2FDD9A70A641}
	EndGlobalSection
EndGlobal
