
Microsoft Visual Studio Solution File, Format Version 12.00
# Visual Studio Version 17
VisualStudioVersion = 17.7.34031.279
MinimumVisualStudioVersion = 10.0.40219.1
Project("{FAE04EC0-301F-11D3-BF4B-00C04F79EFBC}") = "MyQueueExerciseGenerics", "MyQueueExerciseGenerics\MyQueueExerciseGenerics.csproj", "{76342296-8449-4EFA-8468-F47636031CC9}"
EndProject
Global
	GlobalSection(SolutionConfigurationPlatforms) = preSolution
		Debug|Any CPU = Debug|Any CPU
		Release|Any CPU = Release|Any CPU
	EndGlobalSection
	GlobalSection(ProjectConfigurationPlatforms) = postSolution
		{76342296-8449-4EFA-8468-F47636031CC9}.Debug|Any CPU.ActiveCfg = Debug|Any CPU
		{76342296-8449-4EFA-8468-F47636031CC9}.Debug|Any CPU.Build.0 = Debug|Any CPU
		{76342296-8449-4EFA-8468-F47636031CC9}.Release|Any CPU.ActiveCfg = Release|Any CPU
		{76342296-8449-4EFA-8468-F47636031CC9}.Release|Any CPU.Build.0 = Release|Any CPU
	EndGlobalSection
	GlobalSection(SolutionProperties) = preSolution
		HideSolutionNode = FALSE
	EndGlobalSection
	GlobalSection(ExtensibilityGlobals) = postSolution
		SolutionGuid = {F1A03792-9653-4C1D-950E-B41FA1E3C0A7}
	EndGlobalSection
EndGlobal
