
Microsoft Visual Studio Solution File, Format Version 12.00
# Visual Studio Version 17
VisualStudioVersion = 17.8.34322.80
MinimumVisualStudioVersion = 10.0.40219.1
Project("{FAE04EC0-301F-11D3-BF4B-00C04F79EFBC}") = "ExOef1Logger", "ExOef1Logger\ExOef1Logger.csproj", "{F4492576-94FE-4565-8347-1A3E71C1ADD9}"
EndProject
Project("{FAE04EC0-301F-11D3-BF4B-00C04F79EFBC}") = "ExOef1LoggerLogic", "ExOef1LoggerLogic\ExOef1LoggerLogic.csproj", "{9AB00877-791B-4F8D-A10B-FB6CA506772D}"
EndProject
Global
	GlobalSection(SolutionConfigurationPlatforms) = preSolution
		Debug|Any CPU = Debug|Any CPU
		Release|Any CPU = Release|Any CPU
	EndGlobalSection
	GlobalSection(ProjectConfigurationPlatforms) = postSolution
		{F4492576-94FE-4565-8347-1A3E71C1ADD9}.Debug|Any CPU.ActiveCfg = Debug|Any CPU
		{F4492576-94FE-4565-8347-1A3E71C1ADD9}.Debug|Any CPU.Build.0 = Debug|Any CPU
		{F4492576-94FE-4565-8347-1A3E71C1ADD9}.Release|Any CPU.ActiveCfg = Release|Any CPU
		{F4492576-94FE-4565-8347-1A3E71C1ADD9}.Release|Any CPU.Build.0 = Release|Any CPU
		{9AB00877-791B-4F8D-A10B-FB6CA506772D}.Debug|Any CPU.ActiveCfg = Debug|Any CPU
		{9AB00877-791B-4F8D-A10B-FB6CA506772D}.Debug|Any CPU.Build.0 = Debug|Any CPU
		{9AB00877-791B-4F8D-A10B-FB6CA506772D}.Release|Any CPU.ActiveCfg = Release|Any CPU
		{9AB00877-791B-4F8D-A10B-FB6CA506772D}.Release|Any CPU.Build.0 = Release|Any CPU
	EndGlobalSection
	GlobalSection(SolutionProperties) = preSolution
		HideSolutionNode = FALSE
	EndGlobalSection
	GlobalSection(ExtensibilityGlobals) = postSolution
		SolutionGuid = {34C28A70-23EC-4F22-A900-28D47F40B29B}
	EndGlobalSection
EndGlobal
