
Microsoft Visual Studio Solution File, Format Version 12.00
# Visual Studio Version 17
VisualStudioVersion = 17.7.34031.279
MinimumVisualStudioVersion = 10.0.40219.1
Project("{FAE04EC0-301F-11D3-BF4B-00C04F79EFBC}") = "MuziekSpeler", "MuziekSpeler\MuziekSpeler.csproj", "{8F77D475-FA00-49F6-BC09-C20E9BFC2903}"
EndProject
Global
	GlobalSection(SolutionConfigurationPlatforms) = preSolution
		Debug|Any CPU = Debug|Any CPU
		Release|Any CPU = Release|Any CPU
	EndGlobalSection
	GlobalSection(ProjectConfigurationPlatforms) = postSolution
		{8F77D475-FA00-49F6-BC09-C20E9BFC2903}.Debug|Any CPU.ActiveCfg = Debug|Any CPU
		{8F77D475-FA00-49F6-BC09-C20E9BFC2903}.Debug|Any CPU.Build.0 = Debug|Any CPU
		{8F77D475-FA00-49F6-BC09-C20E9BFC2903}.Release|Any CPU.ActiveCfg = Release|Any CPU
		{8F77D475-FA00-49F6-BC09-C20E9BFC2903}.Release|Any CPU.Build.0 = Release|Any CPU
	EndGlobalSection
	GlobalSection(SolutionProperties) = preSolution
		HideSolutionNode = FALSE
	EndGlobalSection
	GlobalSection(ExtensibilityGlobals) = postSolution
		SolutionGuid = {0DF583AA-F8AD-48AC-BFD8-788474118BC5}
	EndGlobalSection
EndGlobal
