
Microsoft Visual Studio Solution File, Format Version 12.00
# Visual Studio Version 17
VisualStudioVersion = 17.8.34511.84
MinimumVisualStudioVersion = 10.0.40219.1
Project("{FAE04EC0-301F-11D3-BF4B-00C04F79EFBC}") = "LiquorStoreTestProject", "LiquorStoreTestProject\LiquorStoreTestProject.csproj", "{747FE286-FE84-4863-BEA2-BA37796BD171}"
EndProject
Global
	GlobalSection(SolutionConfigurationPlatforms) = preSolution
		Debug|Any CPU = Debug|Any CPU
		Release|Any CPU = Release|Any CPU
	EndGlobalSection
	GlobalSection(ProjectConfigurationPlatforms) = postSolution
		{747FE286-FE84-4863-BEA2-BA37796BD171}.Debug|Any CPU.ActiveCfg = Debug|Any CPU
		{747FE286-FE84-4863-BEA2-BA37796BD171}.Debug|Any CPU.Build.0 = Debug|Any CPU
		{747FE286-FE84-4863-BEA2-BA37796BD171}.Release|Any CPU.ActiveCfg = Release|Any CPU
		{747FE286-FE84-4863-BEA2-BA37796BD171}.Release|Any CPU.Build.0 = Release|Any CPU
	EndGlobalSection
	GlobalSection(SolutionProperties) = preSolution
		HideSolutionNode = FALSE
	EndGlobalSection
	GlobalSection(ExtensibilityGlobals) = postSolution
		SolutionGuid = {228BDB55-AE4F-4B74-B062-4E770CD951D8}
	EndGlobalSection
EndGlobal
