
Microsoft Visual Studio Solution File, Format Version 12.00
# Visual Studio Version 17
VisualStudioVersion = 17.4.33403.182
MinimumVisualStudioVersion = 10.0.40219.1
Project("{FAE04EC0-301F-11D3-BF4B-00C04F79EFBC}") = "DeVoetbalApp", "DeVoetbalApp\DeVoetbalApp.csproj", "{20EF5428-BFEF-48C4-8D00-309DAF86AA2B}"
EndProject
Global
	GlobalSection(SolutionConfigurationPlatforms) = preSolution
		Debug|Any CPU = Debug|Any CPU
		Release|Any CPU = Release|Any CPU
	EndGlobalSection
	GlobalSection(ProjectConfigurationPlatforms) = postSolution
		{20EF5428-BFEF-48C4-8D00-309DAF86AA2B}.Debug|Any CPU.ActiveCfg = Debug|Any CPU
		{20EF5428-BFEF-48C4-8D00-309DAF86AA2B}.Debug|Any CPU.Build.0 = Debug|Any CPU
		{20EF5428-BFEF-48C4-8D00-309DAF86AA2B}.Release|Any CPU.ActiveCfg = Release|Any CPU
		{20EF5428-BFEF-48C4-8D00-309DAF86AA2B}.Release|Any CPU.Build.0 = Release|Any CPU
	EndGlobalSection
	GlobalSection(SolutionProperties) = preSolution
		HideSolutionNode = FALSE
	EndGlobalSection
	GlobalSection(ExtensibilityGlobals) = postSolution
		SolutionGuid = {94AD6C9B-73DD-4BEE-94DA-3B4EA01EBCD4}
	EndGlobalSection
EndGlobal
