
Microsoft Visual Studio Solution File, Format Version 12.00
# Visual Studio Version 17
VisualStudioVersion = 17.7.34031.279
MinimumVisualStudioVersion = 10.0.40219.1
Project("{FAE04EC0-301F-11D3-BF4B-00C04F79EFBC}") = "ClassLibraryUnitTest", "ClassLibraryUnitTest\ClassLibraryUnitTest.csproj", "{C9FA66AE-2968-432F-AC55-7555F832421B}"
EndProject
Project("{FAE04EC0-301F-11D3-BF4B-00C04F79EFBC}") = "ClassLibraryUnitTests", "Maths\ClassLibraryUnitTests.csproj", "{CCEBFFB3-BECC-4A3A-BDB6-D15ED46B3CAA}"
EndProject
Global
	GlobalSection(SolutionConfigurationPlatforms) = preSolution
		Debug|Any CPU = Debug|Any CPU
		Release|Any CPU = Release|Any CPU
	EndGlobalSection
	GlobalSection(ProjectConfigurationPlatforms) = postSolution
		{C9FA66AE-2968-432F-AC55-7555F832421B}.Debug|Any CPU.ActiveCfg = Debug|Any CPU
		{C9FA66AE-2968-432F-AC55-7555F832421B}.Debug|Any CPU.Build.0 = Debug|Any CPU
		{C9FA66AE-2968-432F-AC55-7555F832421B}.Release|Any CPU.ActiveCfg = Release|Any CPU
		{C9FA66AE-2968-432F-AC55-7555F832421B}.Release|Any CPU.Build.0 = Release|Any CPU
		{CCEBFFB3-BECC-4A3A-BDB6-D15ED46B3CAA}.Debug|Any CPU.ActiveCfg = Debug|Any CPU
		{CCEBFFB3-BECC-4A3A-BDB6-D15ED46B3CAA}.Debug|Any CPU.Build.0 = Debug|Any CPU
		{CCEBFFB3-BECC-4A3A-BDB6-D15ED46B3CAA}.Release|Any CPU.ActiveCfg = Release|Any CPU
		{CCEBFFB3-BECC-4A3A-BDB6-D15ED46B3CAA}.Release|Any CPU.Build.0 = Release|Any CPU
	EndGlobalSection
	GlobalSection(SolutionProperties) = preSolution
		HideSolutionNode = FALSE
	EndGlobalSection
	GlobalSection(ExtensibilityGlobals) = postSolution
		SolutionGuid = {B591902A-55EC-40EA-8305-1219EC6021D4}
	EndGlobalSection
EndGlobal
